github.com/atotto/clipboard v0.1.4 h1:EH0zSVneZPSuFR11BlR9YppQTVDbh5+16AmcJi4g1z4=
github.com/atotto/clipboard v0.1.4/go.mod h1:ZY9tmq7sm5xIbd9bOK4onWV4S6X0u6GY7Vn0Yu86PYI=
github.com/doptime/dopmap v0.0.0-20240930070838-4d4347ef8faf h1:Pod3gLiH+//fpSyLXRSIpRIr7GGG+KTaHhpb+pppY44=
github.com/doptime/dopmap v0.0.0-20240930070838-4d4347ef8faf/go.mod h1:0UbzqJpS/LXHP2KnaG6wWtnz2ZMRIMEv8h2o86l6vEU=
golang.org/x/sync v0.8.0 h1:3NFvSEYkUoMifnESzZl15y791HH1qU2xm6eCJU5ZPXQ=
golang.org/x/sync v0.8.0/go.mod h1:Czt+wKu1gCyEFDUtn0jG5QVvpJ6rzVqr5aXyt9drQfk=
